<?xml version="1.0" encoding="utf-8"?>
<Project ToolsVersion="4.0" xmlns="http://schemas.microsoft.com/developer/msbuild/2003">
  <ItemGroup>
    <Filter Include="Source Files">
      <UniqueIdentifier>{4FC737F1-C7A5-4376-A066-2A32D752A2FF}</UniqueIdentifier>
      <Extensions>cpp;c;cc;cxx;c++;cppm;ixx;def;odl;idl;hpj;bat;asm;asmx</Extensions>
    </Filter>
    <Filter Include="Header Files">
      <UniqueIdentifier>{93995380-89BD-4b04-88EB-625FBE52EBFB}</UniqueIdentifier>
      <Extensions>h;hh;hpp;hxx;h++;hm;inl;inc;ipp;xsd</Extensions>
    </Filter>
    <Filter Include="Resource Files">
      <UniqueIdentifier>{67DA6AB6-F800-4c08-8B7A-83BB121AAD01}</UniqueIdentifier>
      <Extensions>rc;ico;cur;bmp;dlg;rc2;rct;bin;rgs;gif;jpg;jpeg;jpe;resx;tiff;tif;png;wav;mfcribbon-ms</Extensions>
    </Filter>
    <Filter Include="Source Files\Controller">
      <UniqueIdentifier>{686b63b6-38de-4299-a960-86deb5f20f88}</UniqueIdentifier>
    </Filter>
    <Filter Include="Source Files\View">
      <UniqueIdentifier>{c234b20c-a064-4459-9d59-9bdb993eaee6}</UniqueIdentifier>
    </Filter>
    <Filter Include="Source Files\Model">
      <UniqueIdentifier>{fe522717-f472-479f-a687-7f25c27d704a}</UniqueIdentifier>
    </Filter>
  </ItemGroup>
  <ItemGroup>
    <ClInclude Include="TrucoPaulista.h">
      <Filter>Header Files</Filter>
    </ClInclude>
    <ClInclude Include="TrucoPaulistaDlg.h">
      <Filter>Header Files</Filter>
    </ClInclude>
    <ClInclude Include="framework.h">
      <Filter>Header Files</Filter>
    </ClInclude>
    <ClInclude Include="targetver.h">
      <Filter>Header Files</Filter>
    </ClInclude>
    <ClInclude Include="Resource.h">
      <Filter>Header Files</Filter>
    </ClInclude>
    <ClInclude Include="pch.h">
      <Filter>Header Files</Filter>
    </ClInclude>
    <ClInclude Include="Partida.h">
      <Filter>Header Files</Filter>
    </ClInclude>
    <ClInclude Include="Placar.h">
      <Filter>Header Files</Filter>
    </ClInclude>
    <ClInclude Include="Jogador.h">
      <Filter>Header Files</Filter>
    </ClInclude>
    <ClInclude Include="Carta.h">
      <Filter>Header Files</Filter>
    </ClInclude>
    <ClInclude Include="Baralho.h">
      <Filter>Header Files</Filter>
    </ClInclude>
    <ClInclude Include="PartidaController.h">
      <Filter>Header Files</Filter>
    </ClInclude>
    <ClInclude Include="CartasBitmap.h">
      <Filter>Header Files</Filter>
    </ClInclude>
    <ClInclude Include="CartaDaRodada.h">
      <Filter>Header Files</Filter>
    </ClInclude>
    <ClInclude Include="Rodada.h">
      <Filter>Header Files</Filter>
    </ClInclude>
    <ClInclude Include="Enums.h">
      <Filter>Header Files</Filter>
    </ClInclude>
    <ClInclude Include="Bot.h">
      <Filter>Header Files</Filter>
    </ClInclude>
    <ClInclude Include="IEventosDaPartida.h">
      <Filter>Header Files</Filter>
    </ClInclude>
  </ItemGroup>
  <ItemGroup>
    <ClCompile Include="TrucoPaulista.cpp">
      <Filter>Source Files</Filter>
    </ClCompile>
    <ClCompile Include="TrucoPaulistaDlg.cpp">
      <Filter>Source Files</Filter>
    </ClCompile>
    <ClCompile Include="pch.cpp">
      <Filter>Source Files</Filter>
    </ClCompile>
    <ClCompile Include="PartidaController.cpp">
      <Filter>Source Files\Controller</Filter>
    </ClCompile>
    <ClCompile Include="Baralho.cpp">
      <Filter>Source Files\Model</Filter>
    </ClCompile>
    <ClCompile Include="Carta.cpp">
      <Filter>Source Files\Model</Filter>
    </ClCompile>
    <ClCompile Include="Jogador.cpp">
      <Filter>Source Files\Model</Filter>
    </ClCompile>
    <ClCompile Include="Partida.cpp">
      <Filter>Source Files\View</Filter>
    </ClCompile>
    <ClCompile Include="Placar.cpp">
      <Filter>Source Files\Model</Filter>
    </ClCompile>
    <ClCompile Include="CartasBitmap.cpp">
      <Filter>Source Files\Model</Filter>
    </ClCompile>
    <ClCompile Include="CartaDaRodada.cpp">
      <Filter>Source Files\Model</Filter>
    </ClCompile>
    <ClCompile Include="Rodada.cpp">
      <Filter>Source Files\Model</Filter>
    </ClCompile>
    <ClCompile Include="Bot.cpp">
      <Filter>Source Files\Model</Filter>
    </ClCompile>
  </ItemGroup>
  <ItemGroup>
    <ResourceCompile Include="TrucoPaulista.rc">
      <Filter>Resource Files</Filter>
    </ResourceCompile>
  </ItemGroup>
  <ItemGroup>
    <None Include="res\TrucoPaulista.rc2">
      <Filter>Resource Files</Filter>
    </None>
  </ItemGroup>
  <ItemGroup>
    <Image Include="res\TrucoPaulista.ico">
      <Filter>Resource Files</Filter>
    </Image>
    <Image Include="..\..\..\Users\TestDevice\Downloads\10-30-Playing-Cards-master\10-30-Playing-Cards\res\Pokers\aa.bmp">
      <Filter>Resource Files</Filter>
    </Image>
    <Image Include="..\..\..\Users\TestDevice\Downloads\10-30-Playing-Cards-master\10-30-Playing-Cards\res\Pokers\ab.bmp">
      <Filter>Resource Files</Filter>
    </Image>
    <Image Include="..\..\..\Users\TestDevice\Downloads\10-30-Playing-Cards-master\10-30-Playing-Cards\res\Pokers\ac.bmp">
      <Filter>Resource Files</Filter>
    </Image>
    <Image Include="..\..\..\Users\TestDevice\Downloads\10-30-Playing-Cards-master\10-30-Playing-Cards\res\Pokers\ad.bmp">
      <Filter>Resource Files</Filter>
    </Image>
    <Image Include="..\..\..\Users\TestDevice\Downloads\10-30-Playing-Cards-master\10-30-Playing-Cards\res\Pokers\ae.bmp">
      <Filter>Resource Files</Filter>
    </Image>
    <Image Include="..\..\..\Users\TestDevice\Downloads\10-30-Playing-Cards-master\10-30-Playing-Cards\res\Pokers\af.bmp">
      <Filter>Resource Files</Filter>
    </Image>
    <Image Include="..\..\..\Users\TestDevice\Downloads\10-30-Playing-Cards-master\10-30-Playing-Cards\res\Pokers\ag.bmp">
      <Filter>Resource Files</Filter>
    </Image>
    <Image Include="..\..\..\Users\TestDevice\Downloads\10-30-Playing-Cards-master\10-30-Playing-Cards\res\Pokers\ah.bmp">
      <Filter>Resource Files</Filter>
    </Image>
    <Image Include="..\..\..\Users\TestDevice\Downloads\10-30-Playing-Cards-master\10-30-Playing-Cards\res\Pokers\ai.bmp">
      <Filter>Resource Files</Filter>
    </Image>
    <Image Include="..\..\..\Users\TestDevice\Downloads\10-30-Playing-Cards-master\10-30-Playing-Cards\res\Pokers\aj.bmp">
      <Filter>Resource Files</Filter>
    </Image>
    <Image Include="..\..\..\Users\TestDevice\Downloads\10-30-Playing-Cards-master\10-30-Playing-Cards\res\Pokers\ak.bmp">
      <Filter>Resource Files</Filter>
    </Image>
    <Image Include="..\..\..\Users\TestDevice\Downloads\10-30-Playing-Cards-master\10-30-Playing-Cards\res\Pokers\al.bmp">
      <Filter>Resource Files</Filter>
    </Image>
    <Image Include="..\..\..\Users\TestDevice\Downloads\10-30-Playing-Cards-master\10-30-Playing-Cards\res\Pokers\am.bmp">
      <Filter>Resource Files</Filter>
    </Image>
    <Image Include="..\..\..\Users\TestDevice\Downloads\10-30-Playing-Cards-master\10-30-Playing-Cards\res\Pokers\ba.bmp">
      <Filter>Resource Files</Filter>
    </Image>
    <Image Include="..\..\..\Users\TestDevice\Downloads\10-30-Playing-Cards-master\10-30-Playing-Cards\res\Pokers\bb.bmp">
      <Filter>Resource Files</Filter>
    </Image>
    <Image Include="..\..\..\Users\TestDevice\Downloads\10-30-Playing-Cards-master\10-30-Playing-Cards\res\Pokers\bc.bmp">
      <Filter>Resource Files</Filter>
    </Image>
    <Image Include="..\..\..\Users\TestDevice\Downloads\10-30-Playing-Cards-master\10-30-Playing-Cards\res\Pokers\bd.bmp">
      <Filter>Resource Files</Filter>
    </Image>
    <Image Include="..\..\..\Users\TestDevice\Downloads\10-30-Playing-Cards-master\10-30-Playing-Cards\res\Pokers\be.bmp">
      <Filter>Resource Files</Filter>
    </Image>
    <Image Include="..\..\..\Users\TestDevice\Downloads\10-30-Playing-Cards-master\10-30-Playing-Cards\res\Pokers\bf.bmp">
      <Filter>Resource Files</Filter>
    </Image>
    <Image Include="..\..\..\Users\TestDevice\Downloads\10-30-Playing-Cards-master\10-30-Playing-Cards\res\Pokers\bg.bmp">
      <Filter>Resource Files</Filter>
    </Image>
    <Image Include="..\..\..\Users\TestDevice\Downloads\10-30-Playing-Cards-master\10-30-Playing-Cards\res\Pokers\bh.bmp">
      <Filter>Resource Files</Filter>
    </Image>
    <Image Include="..\..\..\Users\TestDevice\Downloads\10-30-Playing-Cards-master\10-30-Playing-Cards\res\Pokers\bi.bmp">
      <Filter>Resource Files</Filter>
    </Image>
    <Image Include="..\..\..\Users\TestDevice\Downloads\10-30-Playing-Cards-master\10-30-Playing-Cards\res\Pokers\bj.bmp">
      <Filter>Resource Files</Filter>
    </Image>
    <Image Include="..\..\..\Users\TestDevice\Downloads\10-30-Playing-Cards-master\10-30-Playing-Cards\res\Pokers\bk.bmp">
      <Filter>Resource Files</Filter>
    </Image>
    <Image Include="..\..\..\Users\TestDevice\Downloads\10-30-Playing-Cards-master\10-30-Playing-Cards\res\Pokers\bl.bmp">
      <Filter>Resource Files</Filter>
    </Image>
    <Image Include="..\..\..\Users\TestDevice\Downloads\10-30-Playing-Cards-master\10-30-Playing-Cards\res\Pokers\bm.bmp">
      <Filter>Resource Files</Filter>
    </Image>
    <Image Include="..\..\..\Users\TestDevice\Downloads\10-30-Playing-Cards-master\10-30-Playing-Cards\res\Pokers\ca.bmp">
      <Filter>Resource Files</Filter>
    </Image>
    <Image Include="..\..\..\Users\TestDevice\Downloads\10-30-Playing-Cards-master\10-30-Playing-Cards\res\Pokers\cb.bmp">
      <Filter>Resource Files</Filter>
    </Image>
    <Image Include="..\..\..\Users\TestDevice\Downloads\10-30-Playing-Cards-master\10-30-Playing-Cards\res\Pokers\cc.bmp">
      <Filter>Resource Files</Filter>
    </Image>
    <Image Include="..\..\..\Users\TestDevice\Downloads\10-30-Playing-Cards-master\10-30-Playing-Cards\res\Pokers\cd.bmp">
      <Filter>Resource Files</Filter>
    </Image>
    <Image Include="..\..\..\Users\TestDevice\Downloads\10-30-Playing-Cards-master\10-30-Playing-Cards\res\Pokers\ce.bmp">
      <Filter>Resource Files</Filter>
    </Image>
    <Image Include="..\..\..\Users\TestDevice\Downloads\10-30-Playing-Cards-master\10-30-Playing-Cards\res\Pokers\cf.bmp">
      <Filter>Resource Files</Filter>
    </Image>
    <Image Include="..\..\..\Users\TestDevice\Downloads\10-30-Playing-Cards-master\10-30-Playing-Cards\res\Pokers\cg.bmp">
      <Filter>Resource Files</Filter>
    </Image>
    <Image Include="..\..\..\Users\TestDevice\Downloads\10-30-Playing-Cards-master\10-30-Playing-Cards\res\Pokers\ch.bmp">
      <Filter>Resource Files</Filter>
    </Image>
    <Image Include="..\..\..\Users\TestDevice\Downloads\10-30-Playing-Cards-master\10-30-Playing-Cards\res\Pokers\ci.bmp">
      <Filter>Resource Files</Filter>
    </Image>
    <Image Include="..\..\..\Users\TestDevice\Downloads\10-30-Playing-Cards-master\10-30-Playing-Cards\res\Pokers\cj.bmp">
      <Filter>Resource Files</Filter>
    </Image>
    <Image Include="..\..\..\Users\TestDevice\Downloads\10-30-Playing-Cards-master\10-30-Playing-Cards\res\Pokers\ck.bmp">
      <Filter>Resource Files</Filter>
    </Image>
    <Image Include="..\..\..\Users\TestDevice\Downloads\10-30-Playing-Cards-master\10-30-Playing-Cards\res\Pokers\cl.bmp">
      <Filter>Resource Files</Filter>
    </Image>
    <Image Include="..\..\..\Users\TestDevice\Downloads\10-30-Playing-Cards-master\10-30-Playing-Cards\res\Pokers\cm.bmp">
      <Filter>Resource Files</Filter>
    </Image>
    <Image Include="..\..\..\Users\TestDevice\Downloads\10-30-Playing-Cards-master\10-30-Playing-Cards\res\Pokers\da.bmp">
      <Filter>Resource Files</Filter>
    </Image>
    <Image Include="..\..\..\Users\TestDevice\Downloads\10-30-Playing-Cards-master\10-30-Playing-Cards\res\Pokers\db.bmp">
      <Filter>Resource Files</Filter>
    </Image>
    <Image Include="..\..\..\Users\TestDevice\Downloads\10-30-Playing-Cards-master\10-30-Playing-Cards\res\Pokers\dc.bmp">
      <Filter>Resource Files</Filter>
    </Image>
    <Image Include="..\..\..\Users\TestDevice\Downloads\10-30-Playing-Cards-master\10-30-Playing-Cards\res\Pokers\dd.bmp">
      <Filter>Resource Files</Filter>
    </Image>
    <Image Include="..\..\..\Users\TestDevice\Downloads\10-30-Playing-Cards-master\10-30-Playing-Cards\res\Pokers\de.bmp">
      <Filter>Resource Files</Filter>
    </Image>
    <Image Include="..\..\..\Users\TestDevice\Downloads\10-30-Playing-Cards-master\10-30-Playing-Cards\res\Pokers\df.bmp">
      <Filter>Resource Files</Filter>
    </Image>
    <Image Include="..\..\..\Users\TestDevice\Downloads\10-30-Playing-Cards-master\10-30-Playing-Cards\res\Pokers\dg.bmp">
      <Filter>Resource Files</Filter>
    </Image>
    <Image Include="..\..\..\Users\TestDevice\Downloads\10-30-Playing-Cards-master\10-30-Playing-Cards\res\Pokers\dh.bmp">
      <Filter>Resource Files</Filter>
    </Image>
    <Image Include="..\..\..\Users\TestDevice\Downloads\10-30-Playing-Cards-master\10-30-Playing-Cards\res\Pokers\di.bmp">
      <Filter>Resource Files</Filter>
    </Image>
    <Image Include="..\..\..\Users\TestDevice\Downloads\10-30-Playing-Cards-master\10-30-Playing-Cards\res\Pokers\dj.bmp">
      <Filter>Resource Files</Filter>
    </Image>
    <Image Include="..\..\..\Users\TestDevice\Downloads\10-30-Playing-Cards-master\10-30-Playing-Cards\res\Pokers\dk.bmp">
      <Filter>Resource Files</Filter>
    </Image>
    <Image Include="..\..\..\Users\TestDevice\Downloads\10-30-Playing-Cards-master\10-30-Playing-Cards\res\Pokers\dl.bmp">
      <Filter>Resource Files</Filter>
    </Image>
    <Image Include="..\..\..\Users\TestDevice\Downloads\10-30-Playing-Cards-master\10-30-Playing-Cards\res\Pokers\dm.bmp">
      <Filter>Resource Files</Filter>
    </Image>
    <Image Include="..\..\..\Users\TestDevice\OneDrive\Pictures\mesa.bmp">
      <Filter>Resource Files</Filter>
    </Image>
    <Image Include="..\..\..\users\testdevice\downloads\10-30-playing-cards-master\10-30-playing-cards\res\pokers\bitmap53.bmp">
      <Filter>Resource Files</Filter>
    </Image>
    <Image Include="res\Cartas\aa.bmp">
      <Filter>Resource Files</Filter>
    </Image>
    <Image Include="res\Cartas\ab.bmp">
      <Filter>Resource Files</Filter>
    </Image>
    <Image Include="res\Cartas\ac.bmp">
      <Filter>Resource Files</Filter>
    </Image>
    <Image Include="res\Cartas\ad.bmp">
      <Filter>Resource Files</Filter>
    </Image>
    <Image Include="res\Cartas\ae.bmp">
      <Filter>Resource Files</Filter>
    </Image>
    <Image Include="res\Cartas\af.bmp">
      <Filter>Resource Files</Filter>
    </Image>
    <Image Include="res\Cartas\ag.bmp">
      <Filter>Resource Files</Filter>
    </Image>
    <Image Include="res\Cartas\ah.bmp">
      <Filter>Resource Files</Filter>
    </Image>
    <Image Include="res\Cartas\ai.bmp">
      <Filter>Resource Files</Filter>
    </Image>
    <Image Include="res\Cartas\aj.bmp">
      <Filter>Resource Files</Filter>
    </Image>
    <Image Include="res\Cartas\ak.bmp">
      <Filter>Resource Files</Filter>
    </Image>
    <Image Include="res\Cartas\al.bmp">
      <Filter>Resource Files</Filter>
    </Image>
    <Image Include="res\Cartas\am.bmp">
      <Filter>Resource Files</Filter>
    </Image>
    <Image Include="res\Cartas\ba.bmp">
      <Filter>Resource Files</Filter>
    </Image>
    <Image Include="res\Cartas\bb.bmp">
      <Filter>Resource Files</Filter>
    </Image>
    <Image Include="res\Cartas\bc.bmp">
      <Filter>Resource Files</Filter>
    </Image>
    <Image Include="res\Cartas\bd.bmp">
      <Filter>Resource Files</Filter>
    </Image>
    <Image Include="res\Cartas\be.bmp">
      <Filter>Resource Files</Filter>
    </Image>
    <Image Include="res\Cartas\bf.bmp">
      <Filter>Resource Files</Filter>
    </Image>
    <Image Include="res\Cartas\bg.bmp">
      <Filter>Resource Files</Filter>
    </Image>
    <Image Include="res\Cartas\bh.bmp">
      <Filter>Resource Files</Filter>
    </Image>
    <Image Include="res\Cartas\bi.bmp">
      <Filter>Resource Files</Filter>
    </Image>
    <Image Include="res\Cartas\bj.bmp">
      <Filter>Resource Files</Filter>
    </Image>
    <Image Include="res\Cartas\bk.bmp">
      <Filter>Resource Files</Filter>
    </Image>
    <Image Include="res\Cartas\bl.bmp">
      <Filter>Resource Files</Filter>
    </Image>
    <Image Include="res\Cartas\bm.bmp">
      <Filter>Resource Files</Filter>
    </Image>
    <Image Include="res\Cartas\ca.bmp">
      <Filter>Resource Files</Filter>
    </Image>
    <Image Include="res\Cartas\cb.bmp">
      <Filter>Resource Files</Filter>
    </Image>
    <Image Include="res\Cartas\cc.bmp">
      <Filter>Resource Files</Filter>
    </Image>
    <Image Include="res\Cartas\cd.bmp">
      <Filter>Resource Files</Filter>
    </Image>
    <Image Include="res\Cartas\ce.bmp">
      <Filter>Resource Files</Filter>
    </Image>
    <Image Include="res\Cartas\cf.bmp">
      <Filter>Resource Files</Filter>
    </Image>
    <Image Include="res\Cartas\cg.bmp">
      <Filter>Resource Files</Filter>
    </Image>
    <Image Include="res\Cartas\ch.bmp">
      <Filter>Resource Files</Filter>
    </Image>
    <Image Include="res\Cartas\ci.bmp">
      <Filter>Resource Files</Filter>
    </Image>
    <Image Include="res\Cartas\cj.bmp">
      <Filter>Resource Files</Filter>
    </Image>
    <Image Include="res\Cartas\ck.bmp">
      <Filter>Resource Files</Filter>
    </Image>
    <Image Include="res\Cartas\cl.bmp">
      <Filter>Resource Files</Filter>
    </Image>
    <Image Include="res\Cartas\cm.bmp">
      <Filter>Resource Files</Filter>
    </Image>
    <Image Include="res\Cartas\da.bmp">
      <Filter>Resource Files</Filter>
    </Image>
    <Image Include="res\Cartas\db.bmp">
      <Filter>Resource Files</Filter>
    </Image>
    <Image Include="res\Cartas\dc.bmp">
      <Filter>Resource Files</Filter>
    </Image>
    <Image Include="res\Cartas\dd.bmp">
      <Filter>Resource Files</Filter>
    </Image>
    <Image Include="res\Cartas\de.bmp">
      <Filter>Resource Files</Filter>
    </Image>
    <Image Include="res\Cartas\df.bmp">
      <Filter>Resource Files</Filter>
    </Image>
    <Image Include="res\Cartas\dg.bmp">
      <Filter>Resource Files</Filter>
    </Image>
    <Image Include="res\Cartas\dh.bmp">
      <Filter>Resource Files</Filter>
    </Image>
    <Image Include="res\Cartas\di.bmp">
      <Filter>Resource Files</Filter>
    </Image>
    <Image Include="res\Cartas\dj.bmp">
      <Filter>Resource Files</Filter>
    </Image>
    <Image Include="res\Cartas\dk.bmp">
      <Filter>Resource Files</Filter>
    </Image>
    <Image Include="res\Cartas\dl.bmp">
      <Filter>Resource Files</Filter>
    </Image>
    <Image Include="res\Cartas\dm.bmp">
      <Filter>Resource Files</Filter>
    </Image>
    <Image Include="res\Cartas\vazia.bmp">
      <Filter>Resource Files</Filter>
    </Image>
    <Image Include="res\Cartas\verso.bmp">
      <Filter>Resource Files</Filter>
    </Image>
    <Image Include="res\Cartas\vazia_90.bmp">
      <Filter>Resource Files</Filter>
    </Image>
    <Image Include="res\Cartas\verso_90.bmp">
      <Filter>Resource Files</Filter>
    </Image>
    <Image Include="res\Cartas\mesa.bmp">
      <Filter>Resource Files</Filter>
    </Image>
  </ItemGroup>
</Project>